{
  "nodes": {
    "agenix": {
      "inputs": {
        "nixpkgs": [
          "nixpkgs"
        ]
      },
      "locked": {
        "lastModified": 1673301561,
        "narHash": "sha256-gRUWHbBAtMuPDJQXotoI8u6+3DGBIUZHkyQWpIv7WpM=",
        "owner": "ryantm",
        "repo": "agenix",
        "rev": "42d371d861a227149dc9a7e03350c9ab8b8ddd68",
        "type": "github"
      },
      "original": {
        "owner": "ryantm",
        "repo": "agenix",
        "type": "github"
      }
    },
    "argononed": {
      "flake": false,
      "locked": {
        "lastModified": 1670634284,
        "narHash": "sha256-I4YlGjb69ghrxRb2SDL4mje/bevdvFJZ/VArNFhK7yI=",
        "owner": "DarkElvenAngel",
        "repo": "argononed",
        "rev": "7629b06b65797e9e35cf0379fe423b7cf12a375b",
        "type": "gitlab"
      },
      "original": {
        "owner": "DarkElvenAngel",
        "repo": "argononed",
        "type": "gitlab"
      }
    },
    "nixos-hardware": {
      "locked": {
        "lastModified": 1673803274,
        "narHash": "sha256-zaJDlHFXewT4KUsidMpRcPE+REymGH1Y3Eoc3Pjv4Xs=",
        "owner": "nixos",
        "repo": "nixos-hardware",
        "rev": "7bd6b87b3712e68007823e8dd5c37ee9b114fee3",
        "type": "github"
      },
      "original": {
        "owner": "nixos",
        "repo": "nixos-hardware",
        "type": "github"
      }
    },
    "nixos-unstable": {
      "locked": {
        "lastModified": 1674120619,
        "narHash": "sha256-xLT1FQl7/jNPOEq5q/vmc3AExt1V9LtcjM+QY2+MUpA=",
        "owner": "nixos",
        "repo": "nixpkgs",
        "rev": "d7705c01ef0a39c8ef532d1033bace8845a07d35",
        "type": "github"
      },
      "original": {
        "owner": "nixos",
        "ref": "nixos-unstable",
        "repo": "nixpkgs",
        "type": "github"
      }
    },
    "nixpkgs": {
      "locked": {
        "lastModified": 1673957332,
        "narHash": "sha256-njH7Szk1BLVWGMw7IRibgGejSlxXHj9saZHfH20gHdk=",
        "owner": "NixOS",
        "repo": "nixpkgs",
        "rev": "b83e7f5a04a3acc8e92228b0c4bae68933d504eb",
        "type": "github"
      },
      "original": {
        "owner": "NixOS",
        "ref": "nixos-22.11",
        "repo": "nixpkgs",
        "type": "github"
      }
    },
    "root": {
      "inputs": {
        "agenix": "agenix",
        "argononed": "argononed",
        "nixos-hardware": "nixos-hardware",
        "nixos-unstable": "nixos-unstable",
        "nixpkgs": "nixpkgs",
        "small": "small",
        "stable": "stable"
      }
    },
    "small": {
      "locked": {
        "lastModified": 1674101896,
        "narHash": "sha256-xWLaexT6IHhOJru54wrOMeBbkKeJzOZ4Pqrxctf82q0=",
        "owner": "nixos",
        "repo": "nixpkgs",
        "rev": "a841e262264e48722dccc8469f066068146e406b",
        "type": "github"
      },
      "original": {
        "owner": "nixos",
        "ref": "nixos-unstable-small",
        "repo": "nixpkgs",
        "type": "github"
      }
    },
    "stable": {
      "locked": {
        "lastModified": 1673957332,
        "narHash": "sha256-njH7Szk1BLVWGMw7IRibgGejSlxXHj9saZHfH20gHdk=",
        "owner": "nixos",
        "repo": "nixpkgs",
        "rev": "b83e7f5a04a3acc8e92228b0c4bae68933d504eb",
        "type": "github"
      },
      "original": {
        "owner": "nixos",
        "ref": "nixos-22.11",
        "repo": "nixpkgs",
        "type": "github"
      }
    }
  },
  "root": "root",
  "version": 7
}
