{
  "nodes": {
    "nixos-hardware": {
      "locked": {
        "lastModified": 1671631481,
        "narHash": "sha256-LP6NvQQNKdqDpXngECo6oCiWfYRb0KPGM5+D5lu7mPw=",
        "owner": "nixos",
        "repo": "nixos-hardware",
        "rev": "9577ab1eaf01a738b015a7a7ab2a4616e158b6cd",
        "type": "github"
      },
      "original": {
        "owner": "nixos",
        "repo": "nixos-hardware",
        "type": "github"
      }
    },
    "nixpkgs": {
      "locked": {
        "lastModified": 1671983799,
        "narHash": "sha256-Z2Ro6hFPZHkBqkVXY5/aBUzxi5xizQGvuHQ9+T5B/ks=",
        "owner": "nixos",
        "repo": "nixpkgs",
        "rev": "fad51abd42ca17a60fc1d4cb9382e2d79ae31836",
        "type": "github"
      },
      "original": {
        "owner": "nixos",
        "ref": "nixos-unstable",
        "repo": "nixpkgs",
        "type": "github"
      }
    },
    "root": {
      "inputs": {
        "nixos-hardware": "nixos-hardware",
        "nixpkgs": "nixpkgs"
      }
    }
  },
  "root": "root",
  "version": 7
}
